// !$*UTF8*$!
{
	archiveVersion = 1;
	classes = {
	};
	objectVersion = 50;
	objects = {

/* Begin PBXBuildFile section */
		6F75FCA2225A927C00110C80 /* AppDelegate.swift in Sources */ = {isa = PBXBuildFile; fileRef = 6F75FCA1225A927C00110C80 /* AppDelegate.swift */; };
		6F75FCA4225A927C00110C80 /* ViewController.swift in Sources */ = {isa = PBXBuildFile; fileRef = 6F75FCA3225A927C00110C80 /* ViewController.swift */; };
		6F75FCA7225A927C00110C80 /* Menu_Desktop.xcdatamodeld in Sources */ = {isa = PBXBuildFile; fileRef = 6F75FCA5225A927C00110C80 /* Menu_Desktop.xcdatamodeld */; };
		6F75FCA9225A927D00110C80 /* Assets.xcassets in Resources */ = {isa = PBXBuildFile; fileRef = 6F75FCA8225A927D00110C80 /* Assets.xcassets */; };
		6F75FCAC225A927D00110C80 /* Main.storyboard in Resources */ = {isa = PBXBuildFile; fileRef = 6F75FCAA225A927D00110C80 /* Main.storyboard */; };
		6F75FCB5225A957200110C80 /* Dishes.swift in Sources */ = {isa = PBXBuildFile; fileRef = 6F75FCB4225A957200110C80 /* Dishes.swift */; };
/* End PBXBuildFile section */

/* Begin PBXFileReference section */
		6F75FC9E225A927C00110C80 /* Menu-Desktop.app */ = {isa = PBXFileReference; explicitFileType = wrapper.application; includeInIndex = 0; path = "Menu-Desktop.app"; sourceTree = BUILT_PRODUCTS_DIR; };
		6F75FCA1225A927C00110C80 /* AppDelegate.swift */ = {isa = PBXFileReference; lastKnownFileType = sourcecode.swift; path = AppDelegate.swift; sourceTree = "<group>"; };
		6F75FCA3225A927C00110C80 /* ViewController.swift */ = {isa = PBXFileReference; lastKnownFileType = sourcecode.swift; path = ViewController.swift; sourceTree = "<group>"; };
		6F75FCA6225A927C00110C80 /* Menu_Desktop.xcdatamodel */ = {isa = PBXFileReference; lastKnownFileType = wrapper.xcdatamodel; path = Menu_Desktop.xcdatamodel; sourceTree = "<group>"; };
		6F75FCA8225A927D00110C80 /* Assets.xcassets */ = {isa = PBXFileReference; lastKnownFileType = folder.assetcatalog; path = Assets.xcassets; sourceTree = "<group>"; };
		6F75FCAB225A927D00110C80 /* Base */ = {isa = PBXFileReference; lastKnownFileType = file.storyboard; name = Base; path = Base.lproj/Main.storyboard; sourceTree = "<group>"; };
		6F75FCAD225A927D00110C80 /* Info.plist */ = {isa = PBXFileReference; lastKnownFileType = text.plist.xml; path = Info.plist; sourceTree = "<group>"; };
		6F75FCAE225A927D00110C80 /* Menu_Desktop.entitlements */ = {isa = PBXFileReference; lastKnownFileType = text.plist.entitlements; path = Menu_Desktop.entitlements; sourceTree = "<group>"; };
		6F75FCB4225A957200110C80 /* Dishes.swift */ = {isa = PBXFileReference; lastKnownFileType = sourcecode.swift; path = Dishes.swift; sourceTree = "<group>"; };
/* End PBXFileReference section */

/* Begin PBXFrameworksBuildPhase section */
		6F75FC9B225A927C00110C80 /* Frameworks */ = {
			isa = PBXFrameworksBuildPhase;
			buildActionMask = 2147483647;
			files = (
			);
			runOnlyForDeploymentPostprocessing = 0;
		};
/* End PBXFrameworksBuildPhase section */

/* Begin PBXGroup section */
		6F75FC95225A927C00110C80 = {
			isa = PBXGroup;
			children = (
				6F75FCA0225A927C00110C80 /* Menu-Desktop */,
				6F75FC9F225A927C00110C80 /* Products */,
			);
			sourceTree = "<group>";
		};
		6F75FC9F225A927C00110C80 /* Products */ = {
			isa = PBXGroup;
			children = (
				6F75FC9E225A927C00110C80 /* Menu-Desktop.app */,
			);
			name = Products;
			sourceTree = "<group>";
		};
		6F75FCA0225A927C00110C80 /* Menu-Desktop */ = {
			isa = PBXGroup;
			children = (
				6F75FCA1225A927C00110C80 /* AppDelegate.swift */,
				6F75FCA3225A927C00110C80 /* ViewController.swift */,
				6F75FCA8225A927D00110C80 /* Assets.xcassets */,
				6F75FCAA225A927D00110C80 /* Main.storyboard */,
				6F75FCAD225A927D00110C80 /* Info.plist */,
				6F75FCAE225A927D00110C80 /* Menu_Desktop.entitlements */,
				6F75FCA5225A927C00110C80 /* Menu_Desktop.xcdatamodeld */,
				6F75FCB4225A957200110C80 /* Dishes.swift */,
			);
			path = "Menu-Desktop";
			sourceTree = "<group>";
		};
/* End PBXGroup section */

/* Begin PBXNativeTarget section */
		6F75FC9D225A927C00110C80 /* Menu-Desktop */ = {
			isa = PBXNativeTarget;
			buildConfigurationList = 6F75FCB1225A927D00110C80 /* Build configuration list for PBXNativeTarget "Menu-Desktop" */;
			buildPhases = (
				6F75FC9A225A927C00110C80 /* Sources */,
				6F75FC9B225A927C00110C80 /* Frameworks */,
				6F75FC9C225A927C00110C80 /* Resources */,
			);
			buildRules = (
			);
			dependencies = (
			);
			name = "Menu-Desktop";
			productName = "Menu-Desktop";
			productReference = 6F75FC9E225A927C00110C80 /* Menu-Desktop.app */;
			productType = "com.apple.product-type.application";
		};
/* End PBXNativeTarget section */

/* Begin PBXProject section */
		6F75FC96225A927C00110C80 /* Project object */ = {
			isa = PBXProject;
			attributes = {
				LastSwiftUpdateCheck = 1020;
				LastUpgradeCheck = 1020;
				ORGANIZATIONNAME = "Aleksandra Klein";
				TargetAttributes = {
					6F75FC9D225A927C00110C80 = {
						CreatedOnToolsVersion = 10.2;
					};
				};
			};
			buildConfigurationList = 6F75FC99225A927C00110C80 /* Build configuration list for PBXProject "Menu-Desktop" */;
			compatibilityVersion = "Xcode 9.3";
			developmentRegion = en;
			hasScannedForEncodings = 0;
			knownRegions = (
				en,
				Base,
			);
			mainGroup = 6F75FC95225A927C00110C80;
			productRefGroup = 6F75FC9F225A927C00110C80 /* Products */;
			projectDirPath = "";
			projectRoot = "";
			targets = (
				6F75FC9D225A927C00110C80 /* Menu-Desktop */,
			);
		};
/* End PBXProject section */

/* Begin PBXResourcesBuildPhase section */
		6F75FC9C225A927C00110C80 /* Resources */ = {
			isa = PBXResourcesBuildPhase;
			buildActionMask = 2147483647;
			files = (
				6F75FCA9225A927D00110C80 /* Assets.xcassets in Resources */,
				6F75FCAC225A927D00110C80 /* Main.storyboard in Resources */,
			);
			runOnlyForDeploymentPostprocessing = 0;
		};
/* End PBXResourcesBuildPhase section */

/* Begin PBXSourcesBuildPhase section */
		6F75FC9A225A927C00110C80 /* Sources */ = {
			isa = PBXSourcesBuildPhase;
			buildActionMask = 2147483647;
			files = (
				6F75FCA7225A927C00110C80 /* Menu_Desktop.xcdatamodeld in Sources */,
				6F75FCA4225A927C00110C80 /* ViewController.swift in Sources */,
				6F75FCA2225A927C00110C80 /* AppDelegate.swift in Sources */,
				6F75FCB5225A957200110C80 /* Dishes.swift in Sources */,
			);
			runOnlyForDeploymentPostprocessing = 0;
		};
/* End PBXSourcesBuildPhase section */

/* Begin PBXVariantGroup section */
		6F75FCAA225A927D00110C80 /* Main.storyboard */ = {
			isa = PBXVariantGroup;
			children = (
				6F75FCAB225A927D00110C80 /* Base */,
			);
			name = Main.storyboard;
			sourceTree = "<group>";
		};
/* End PBXVariantGroup section */

/* Begin XCBuildConfiguration section */
		6F75FCAF225A927D00110C80 /* Debug */ = {
			isa = XCBuildConfiguration;
			buildSettings = {
				ALWAYS_SEARCH_USER_PATHS = NO;
				CLANG_ANALYZER_NONNULL = YES;
				CLANG_ANALYZER_NUMBER_OBJECT_CONVERSION = YES_AGGRESSIVE;
				CLANG_CXX_LANGUAGE_STANDARD = "gnu++14";
				CLANG_CXX_LIBRARY = "libc++";
				CLANG_ENABLE_MODULES = YES;
				CLANG_ENABLE_OBJC_ARC = YES;
				CLANG_ENABLE_OBJC_WEAK = YES;
				CLANG_WARN_BLOCK_CAPTURE_AUTORELEASING = YES;
				CLANG_WARN_BOOL_CONVERSION = YES;
				CLANG_WARN_COMMA = YES;
				CLANG_WARN_CONSTANT_CONVERSION = YES;
				CLANG_WARN_DEPRECATED_OBJC_IMPLEMENTATIONS = YES;
				CLANG_WARN_DIRECT_OBJC_ISA_USAGE = YES_ERROR;
				CLANG_WARN_DOCUMENTATION_COMMENTS = YES;
				CLANG_WARN_EMPTY_BODY = YES;
				CLANG_WARN_ENUM_CONVERSION = YES;
				CLANG_WARN_INFINITE_RECURSION = YES;
				CLANG_WARN_INT_CONVERSION = YES;
				CLANG_WARN_NON_LITERAL_NULL_CONVERSION = YES;
				CLANG_WARN_OBJC_IMPLICIT_RETAIN_SELF = YES;
				CLANG_WARN_OBJC_LITERAL_CONVERSION = YES;
				CLANG_WARN_OBJC_ROOT_CLASS = YES_ERROR;
				CLANG_WARN_RANGE_LOOP_ANALYSIS = YES;
				CLANG_WARN_STRICT_PROTOTYPES = YES;
				CLANG_WARN_SUSPICIOUS_MOVE = YES;
				CLANG_WARN_UNGUARDED_AVAILABILITY = YES_AGGRESSIVE;
				CLANG_WARN_UNREACHABLE_CODE = YES;
				CLANG_WARN__DUPLICATE_METHOD_MATCH = YES;
				CODE_SIGN_IDENTITY = "Mac Developer";
				COPY_PHASE_STRIP = NO;
				DEBUG_INFORMATION_FORMAT = dwarf;
				ENABLE_STRICT_OBJC_MSGSEND = YES;
				ENABLE_TESTABILITY = YES;
				GCC_C_LANGUAGE_STANDARD = gnu11;
				GCC_DYNAMIC_NO_PIC = NO;
				GCC_NO_COMMON_BLOCKS = YES;
				GCC_OPTIMIZATION_LEVEL = 0;
				GCC_PREPROCESSOR_DEFINITIONS = (
					"DEBUG=1",
					"$(inherited)",
				);
				GCC_WARN_64_TO_32_BIT_CONVERSION = YES;
				GCC_WARN_ABOUT_RETURN_TYPE = YES_ERROR;
				GCC_WARN_UNDECLARED_SELECTOR = YES;
				GCC_WARN_UNINITIALIZED_AUTOS = YES_AGGRESSIVE;
				GCC_WARN_UNUSED_FUNCTION = YES;
				GCC_WARN_UNUSED_VARIABLE = YES;
				MACOSX_DEPLOYMENT_TARGET = 10.14;
				MTL_ENABLE_DEBUG_INFO = INCLUDE_SOURCE;
				MTL_FAST_MATH = YES;
				ONLY_ACTIVE_ARCH = YES;
				SDKROOT = macosx;
				SWIFT_ACTIVE_COMPILATION_CONDITIONS = DEBUG;
				SWIFT_OPTIMIZATION_LEVEL = "-Onone";
			};
			name = Debug;
		};
		6F75FCB0225A927D00110C80 /* Release */ = {
			isa = XCBuildConfiguration;
			buildSettings = {
				ALWAYS_SEARCH_USER_PATHS = NO;
				CLANG_ANALYZER_NONNULL = YES;
				CLANG_ANALYZER_NUMBER_OBJECT_CONVERSION = YES_AGGRESSIVE;
				CLANG_CXX_LANGUAGE_STANDARD = "gnu++14";
				CLANG_CXX_LIBRARY = "libc++";
				CLANG_ENABLE_MODULES = YES;
				CLANG_ENABLE_OBJC_ARC = YES;
				CLANG_ENABLE_OBJC_WEAK = YES;
				CLANG_WARN_BLOCK_CAPTURE_AUTORELEASING = YES;
				CLANG_WARN_BOOL_CONVERSION = YES;
				CLANG_WARN_COMMA = YES;
				CLANG_WARN_CONSTANT_CONVERSION = YES;
				CLANG_WARN_DEPRECATED_OBJC_IMPLEMENTATIONS = YES;
				CLANG_WARN_DIRECT_OBJC_ISA_USAGE = YES_ERROR;
				CLANG_WARN_DOCUMENTATION_COMMENTS = YES;
				CLANG_WARN_EMPTY_BODY = YES;
				CLANG_WARN_ENUM_CONVERSION = YES;
				CLANG_WARN_INFINITE_RECURSION = YES;
				CLANG_WARN_INT_CONVERSION = YES;
				CLANG_WARN_NON_LITERAL_NULL_CONVERSION = YES;
				CLANG_WARN_OBJC_IMPLICIT_RETAIN_SELF = YES;
				CLANG_WARN_OBJC_LITERAL_CONVERSION = YES;
				CLANG_WARN_OBJC_ROOT_CLASS = YES_ERROR;
				CLANG_WARN_RANGE_LOOP_ANALYSIS = YES;
				CLANG_WARN_STRICT_PROTOTYPES = YES;
				CLANG_WARN_SUSPICIOUS_MOVE = YES;
				CLANG_WARN_UNGUARDED_AVAILABILITY = YES_AGGRESSIVE;
				CLANG_WARN_UNREACHABLE_CODE = YES;
				CLANG_WARN__DUPLICATE_METHOD_MATCH = YES;
				CODE_SIGN_IDENTITY = "Mac Developer";
				COPY_PHASE_STRIP = NO;
				DEBUG_INFORMATION_FORMAT = "dwarf-with-dsym";
				ENABLE_NS_ASSERTIONS = NO;
				ENABLE_STRICT_OBJC_MSGSEND = YES;
				GCC_C_LANGUAGE_STANDARD = gnu11;
				GCC_NO_COMMON_BLOCKS = YES;
				GCC_WARN_64_TO_32_BIT_CONVERSION = YES;
				GCC_WARN_ABOUT_RETURN_TYPE = YES_ERROR;
				GCC_WARN_UNDECLARED_SELECTOR = YES;
				GCC_WARN_UNINITIALIZED_AUTOS = YES_AGGRESSIVE;
				GCC_WARN_UNUSED_FUNCTION = YES;
				GCC_WARN_UNUSED_VARIABLE = YES;
				MACOSX_DEPLOYMENT_TARGET = 10.14;
				MTL_ENABLE_DEBUG_INFO = NO;
				MTL_FAST_MATH = YES;
				SDKROOT = macosx;
				SWIFT_COMPILATION_MODE = wholemodule;
				SWIFT_OPTIMIZATION_LEVEL = "-O";
			};
			name = Release;
		};
		6F75FCB2225A927D00110C80 /* Debug */ = {
			isa = XCBuildConfiguration;
			buildSettings = {
				ASSETCATALOG_COMPILER_APPICON_NAME = AppIcon;
				CODE_SIGN_ENTITLEMENTS = "Menu-Desktop/Menu_Desktop.entitlements";
				CODE_SIGN_STYLE = Automatic;
				COMBINE_HIDPI_IMAGES = YES;
				DEVELOPMENT_TEAM = UMXQ4S7KHA;
				INFOPLIST_FILE = "Menu-Desktop/Info.plist";
				LD_RUNPATH_SEARCH_PATHS = (
					"$(inherited)",
					"@executable_path/../Frameworks",
				);
				PRODUCT_BUNDLE_IDENTIFIER = "com.example.Menu-Desktop";
				PRODUCT_NAME = "$(TARGET_NAME)";
				SWIFT_VERSION = 5.0;
			};
			name = Debug;
		};
		6F75FCB3225A927D00110C80 /* Release */ = {
			isa = XCBuildConfiguration;
			buildSettings = {
				ASSETCATALOG_COMPILER_APPICON_NAME = AppIcon;
				CODE_SIGN_ENTITLEMENTS = "Menu-Desktop/Menu_Desktop.entitlements";
				CODE_SIGN_STYLE = Automatic;
				COMBINE_HIDPI_IMAGES = YES;
				DEVELOPMENT_TEAM = UMXQ4S7KHA;
				INFOPLIST_FILE = "Menu-Desktop/Info.plist";
				LD_RUNPATH_SEARCH_PATHS = (
					"$(inherited)",
					"@executable_path/../Frameworks",
				);
				PRODUCT_BUNDLE_IDENTIFIER = "com.example.Menu-Desktop";
				PRODUCT_NAME = "$(TARGET_NAME)";
				SWIFT_VERSION = 5.0;
			};
			name = Release;
		};
/* End XCBuildConfiguration section */

/* Begin XCConfigurationList section */
		6F75FC99225A927C00110C80 /* Build configuration list for PBXProject "Menu-Desktop" */ = {
			isa = XCConfigurationList;
			buildConfigurations = (
				6F75FCAF225A927D00110C80 /* Debug */,
				6F75FCB0225A927D00110C80 /* Release */,
			);
			defaultConfigurationIsVisible = 0;
			defaultConfigurationName = Release;
		};
		6F75FCB1225A927D00110C80 /* Build configuration list for PBXNativeTarget "Menu-Desktop" */ = {
			isa = XCConfigurationList;
			buildConfigurations = (
				6F75FCB2225A927D00110C80 /* Debug */,
				6F75FCB3225A927D00110C80 /* Release */,
			);
			defaultConfigurationIsVisible = 0;
			defaultConfigurationName = Release;
		};
/* End XCConfigurationList section */

/* Begin XCVersionGroup section */
		6F75FCA5225A927C00110C80 /* Menu_Desktop.xcdatamodeld */ = {
			isa = XCVersionGroup;
			children = (
				6F75FCA6225A927C00110C80 /* Menu_Desktop.xcdatamodel */,
			);
			currentVersion = 6F75FCA6225A927C00110C80 /* Menu_Desktop.xcdatamodel */;
			path = Menu_Desktop.xcdatamodeld;
			sourceTree = "<group>";
			versionGroupType = wrapper.xcdatamodel;
		};
/* End XCVersionGroup section */
	};
	rootObject = 6F75FC96225A927C00110C80 /* Project object */;
}
